
Microsoft Visual Studio Solution File, Format Version 12.00
# Visual Studio Version 17
VisualStudioVersion = 17.4.33110.190
MinimumVisualStudioVersion = 10.0.40219.1
Project("{9A19103F-16F7-4668-BE54-9A1E7A4F7556}") = "MindBoxLib", "MindBoxLib\MindBoxLib.csproj", "{2D2B3CF6-0EFD-420A-883F-B7E2ECCE215B}"
EndProject
Project("{9A19103F-16F7-4668-BE54-9A1E7A4F7556}") = "MindBoxProg", "MindBoxProg\MindBoxProg.csproj", "{124A7EE4-E3F4-4489-A073-CE703D59DB02}"
EndProject
Project("{FAE04EC0-301F-11D3-BF4B-00C04F79EFBC}") = "MindBox.Tests", "MindBox.Tests\MindBox.Tests.csproj", "{55EEBA71-FD04-4B10-A55C-730E35A1A97E}"
EndProject
Global
	GlobalSection(SolutionConfigurationPlatforms) = preSolution
		Debug|Any CPU = Debug|Any CPU
		Release|Any CPU = Release|Any CPU
	EndGlobalSection
	GlobalSection(ProjectConfigurationPlatforms) = postSolution
		{2D2B3CF6-0EFD-420A-883F-B7E2ECCE215B}.Debug|Any CPU.ActiveCfg = Debug|Any CPU
		{2D2B3CF6-0EFD-420A-883F-B7E2ECCE215B}.Debug|Any CPU.Build.0 = Debug|Any CPU
		{2D2B3CF6-0EFD-420A-883F-B7E2ECCE215B}.Release|Any CPU.ActiveCfg = Release|Any CPU
		{2D2B3CF6-0EFD-420A-883F-B7E2ECCE215B}.Release|Any CPU.Build.0 = Release|Any CPU
		{124A7EE4-E3F4-4489-A073-CE703D59DB02}.Debug|Any CPU.ActiveCfg = Debug|Any CPU
		{124A7EE4-E3F4-4489-A073-CE703D59DB02}.Debug|Any CPU.Build.0 = Debug|Any CPU
		{124A7EE4-E3F4-4489-A073-CE703D59DB02}.Release|Any CPU.ActiveCfg = Release|Any CPU
		{124A7EE4-E3F4-4489-A073-CE703D59DB02}.Release|Any CPU.Build.0 = Release|Any CPU
		{55EEBA71-FD04-4B10-A55C-730E35A1A97E}.Debug|Any CPU.ActiveCfg = Debug|Any CPU
		{55EEBA71-FD04-4B10-A55C-730E35A1A97E}.Debug|Any CPU.Build.0 = Debug|Any CPU
		{55EEBA71-FD04-4B10-A55C-730E35A1A97E}.Release|Any CPU.ActiveCfg = Release|Any CPU
		{55EEBA71-FD04-4B10-A55C-730E35A1A97E}.Release|Any CPU.Build.0 = Release|Any CPU
	EndGlobalSection
	GlobalSection(SolutionProperties) = preSolution
		HideSolutionNode = FALSE
	EndGlobalSection
	GlobalSection(ExtensibilityGlobals) = postSolution
		SolutionGuid = {5626C36A-8018-4512-9F33-35B44A7B9348}
	EndGlobalSection
EndGlobal
